
Microsoft Visual Studio Solution File, Format Version 12.00
# Visual Studio Version 16
VisualStudioVersion = 16.0.31410.357
MinimumVisualStudioVersion = 10.0.40219.1
Project("{9A19103F-16F7-4668-BE54-9A1E7A4F7556}") = "BinarySearchTree", "BinarySearchTree\BinarySearchTree.csproj", "{67C5FC8F-C5F9-4AB9-B2E8-9A971865A0FE}"
EndProject
Project("{FAE04EC0-301F-11D3-BF4B-00C04F79EFBC}") = "HashTable", "HashTable\HashTable.csproj", "{78F3ABF5-8111-44BE-BA7E-CB5EB76A4CC4}"
EndProject
Global
	GlobalSection(SolutionConfigurationPlatforms) = preSolution
		Debug|Any CPU = Debug|Any CPU
		Release|Any CPU = Release|Any CPU
	EndGlobalSection
	GlobalSection(ProjectConfigurationPlatforms) = postSolution
		{67C5FC8F-C5F9-4AB9-B2E8-9A971865A0FE}.Debug|Any CPU.ActiveCfg = Debug|Any CPU
		{67C5FC8F-C5F9-4AB9-B2E8-9A971865A0FE}.Debug|Any CPU.Build.0 = Debug|Any CPU
		{67C5FC8F-C5F9-4AB9-B2E8-9A971865A0FE}.Release|Any CPU.ActiveCfg = Release|Any CPU
		{67C5FC8F-C5F9-4AB9-B2E8-9A971865A0FE}.Release|Any CPU.Build.0 = Release|Any CPU
		{78F3ABF5-8111-44BE-BA7E-CB5EB76A4CC4}.Debug|Any CPU.ActiveCfg = Debug|Any CPU
		{78F3ABF5-8111-44BE-BA7E-CB5EB76A4CC4}.Debug|Any CPU.Build.0 = Debug|Any CPU
		{78F3ABF5-8111-44BE-BA7E-CB5EB76A4CC4}.Release|Any CPU.ActiveCfg = Release|Any CPU
		{78F3ABF5-8111-44BE-BA7E-CB5EB76A4CC4}.Release|Any CPU.Build.0 = Release|Any CPU
	EndGlobalSection
	GlobalSection(SolutionProperties) = preSolution
		HideSolutionNode = FALSE
	EndGlobalSection
	GlobalSection(ExtensibilityGlobals) = postSolution
		SolutionGuid = {F1A90565-A2AF-4FFA-802E-B339B7CE605C}
	EndGlobalSection
EndGlobal
